
Microsoft Visual Studio Solution File, Format Version 12.00
# Visual Studio Version 17
VisualStudioVersion = 17.3.32922.545
MinimumVisualStudioVersion = 10.0.40219.1
Project("{9A19103F-16F7-4668-BE54-9A1E7A4F7556}") = "EcommerceApp", "EcommerceApp\EcommerceApp.csproj", "{89DB02B3-B42B-4E37-9940-B3F89410D4AD}"
EndProject
Project("{9A19103F-16F7-4668-BE54-9A1E7A4F7556}") = "EcommerceApp.Infrastructure", "EcommerceApp.Infrastructure\EcommerceApp.Infrastructure.csproj", "{8DE2A4EA-3AF8-4C80-BD51-935E00CAF104}"
EndProject
Project("{9A19103F-16F7-4668-BE54-9A1E7A4F7556}") = "EcommerceApp.Common", "EcommerceApp.GlobalConstants\EcommerceApp.Common.csproj", "{5FDDCD9B-A266-48F6-948C-69EBDA5F2638}"
EndProject
Project("{FAE04EC0-301F-11D3-BF4B-00C04F79EFBC}") = "EcommerceApp.Core", "EcommerceApp.Core\EcommerceApp.Core.csproj", "{5D003105-C3E9-4A79-AF28-520CE4D7034D}"
EndProject
Global
	GlobalSection(SolutionConfigurationPlatforms) = preSolution
		Debug|Any CPU = Debug|Any CPU
		Release|Any CPU = Release|Any CPU
	EndGlobalSection
	GlobalSection(ProjectConfigurationPlatforms) = postSolution
		{89DB02B3-B42B-4E37-9940-B3F89410D4AD}.Debug|Any CPU.ActiveCfg = Debug|Any CPU
		{89DB02B3-B42B-4E37-9940-B3F89410D4AD}.Debug|Any CPU.Build.0 = Debug|Any CPU
		{89DB02B3-B42B-4E37-9940-B3F89410D4AD}.Release|Any CPU.ActiveCfg = Release|Any CPU
		{89DB02B3-B42B-4E37-9940-B3F89410D4AD}.Release|Any CPU.Build.0 = Release|Any CPU
		{8DE2A4EA-3AF8-4C80-BD51-935E00CAF104}.Debug|Any CPU.ActiveCfg = Debug|Any CPU
		{8DE2A4EA-3AF8-4C80-BD51-935E00CAF104}.Debug|Any CPU.Build.0 = Debug|Any CPU
		{8DE2A4EA-3AF8-4C80-BD51-935E00CAF104}.Release|Any CPU.ActiveCfg = Release|Any CPU
		{8DE2A4EA-3AF8-4C80-BD51-935E00CAF104}.Release|Any CPU.Build.0 = Release|Any CPU
		{5FDDCD9B-A266-48F6-948C-69EBDA5F2638}.Debug|Any CPU.ActiveCfg = Debug|Any CPU
		{5FDDCD9B-A266-48F6-948C-69EBDA5F2638}.Debug|Any CPU.Build.0 = Debug|Any CPU
		{5FDDCD9B-A266-48F6-948C-69EBDA5F2638}.Release|Any CPU.ActiveCfg = Release|Any CPU
		{5FDDCD9B-A266-48F6-948C-69EBDA5F2638}.Release|Any CPU.Build.0 = Release|Any CPU
		{5D003105-C3E9-4A79-AF28-520CE4D7034D}.Debug|Any CPU.ActiveCfg = Debug|Any CPU
		{5D003105-C3E9-4A79-AF28-520CE4D7034D}.Debug|Any CPU.Build.0 = Debug|Any CPU
		{5D003105-C3E9-4A79-AF28-520CE4D7034D}.Release|Any CPU.ActiveCfg = Release|Any CPU
		{5D003105-C3E9-4A79-AF28-520CE4D7034D}.Release|Any CPU.Build.0 = Release|Any CPU
	EndGlobalSection
	GlobalSection(SolutionProperties) = preSolution
		HideSolutionNode = FALSE
	EndGlobalSection
	GlobalSection(ExtensibilityGlobals) = postSolution
		SolutionGuid = {3695A7D7-9E92-497E-AB3F-826710A149AE}
	EndGlobalSection
EndGlobal
